
Microsoft Visual Studio Solution File, Format Version 12.00
# Visual Studio 15
VisualStudioVersion = 15.0.27703.2035
MinimumVisualStudioVersion = 10.0.40219.1
Project("{FAE04EC0-301F-11D3-BF4B-00C04F79EFBC}") = "Blog", "Blog\Blog.csproj", "{3EF2956E-F9AB-4C0F-BCDD-354872544C24}"
EndProject
Project("{2150E333-8FDC-42A3-9474-1A3956D46DE8}") = "PL", "PL", "{D705AB03-D8DA-4872-B80A-0470671FFCD2}"
EndProject
Project("{2150E333-8FDC-42A3-9474-1A3956D46DE8}") = "BLL", "BLL", "{A726A46E-421D-44C3-8107-7A50F5D0B0A6}"
EndProject
Project("{2150E333-8FDC-42A3-9474-1A3956D46DE8}") = "DAL", "DAL", "{27D28690-9C21-4756-AC4C-B8DBD29932FB}"
EndProject
Project("{FAE04EC0-301F-11D3-BF4B-00C04F79EFBC}") = "Blogs.DAL.DAO", "Blogs.DAL.DAO\Blogs.DAL.DAO.csproj", "{8908416C-2842-4226-80F5-D18293FD9BDB}"
EndProject
Project("{2150E333-8FDC-42A3-9474-1A3956D46DE8}") = "Common", "Common", "{DCEB6116-8DD8-4F57-AAE0-FA9DD979629B}"
EndProject
Project("{FAE04EC0-301F-11D3-BF4B-00C04F79EFBC}") = "Blog.Models", "Blog.Models\Blog.Models.csproj", "{FE6D99D7-0D0D-4050-B163-51220B5A7C89}"
EndProject
Project("{FAE04EC0-301F-11D3-BF4B-00C04F79EFBC}") = "Blogs.DAL.Interface", "Blogs.DAL.Interface\Blogs.DAL.Interface.csproj", "{9D848FFD-C431-457E-B28C-3AACFD105065}"
EndProject
Project("{FAE04EC0-301F-11D3-BF4B-00C04F79EFBC}") = "Blogs.BLL.Logic", "Blogs.BLL.Logic\Blogs.BLL.Logic.csproj", "{602C3222-EB11-4EFB-9963-6EC633E78149}"
EndProject
Project("{FAE04EC0-301F-11D3-BF4B-00C04F79EFBC}") = "NinjectCommon", "NinjectCommon\NinjectCommon.csproj", "{99DF8A2A-136C-468F-B283-5E70538AC2AF}"
EndProject
Project("{FAE04EC0-301F-11D3-BF4B-00C04F79EFBC}") = "Blogs.BLL.Interface", "Blogs.BLL.Interface\Blogs.BLL.Interface.csproj", "{5FDBCD1D-F08E-46FB-8613-B1FE4E2DECD6}"
EndProject
Project("{2150E333-8FDC-42A3-9474-1A3956D46DE8}") = "Tests", "Tests", "{FCC4C042-70BE-4703-9591-B9AB89BDF96C}"
EndProject
Project("{FAE04EC0-301F-11D3-BF4B-00C04F79EFBC}") = "BlogTests", "BlogTests\BlogTests.csproj", "{311FF559-31AE-47E3-BC80-E2E76FE13AE4}"
EndProject
Global
	GlobalSection(SolutionConfigurationPlatforms) = preSolution
		Debug|Any CPU = Debug|Any CPU
		Release|Any CPU = Release|Any CPU
	EndGlobalSection
	GlobalSection(ProjectConfigurationPlatforms) = postSolution
		{3EF2956E-F9AB-4C0F-BCDD-354872544C24}.Debug|Any CPU.ActiveCfg = Debug|Any CPU
		{3EF2956E-F9AB-4C0F-BCDD-354872544C24}.Debug|Any CPU.Build.0 = Debug|Any CPU
		{3EF2956E-F9AB-4C0F-BCDD-354872544C24}.Release|Any CPU.ActiveCfg = Release|Any CPU
		{3EF2956E-F9AB-4C0F-BCDD-354872544C24}.Release|Any CPU.Build.0 = Release|Any CPU
		{8908416C-2842-4226-80F5-D18293FD9BDB}.Debug|Any CPU.ActiveCfg = Debug|Any CPU
		{8908416C-2842-4226-80F5-D18293FD9BDB}.Debug|Any CPU.Build.0 = Debug|Any CPU
		{8908416C-2842-4226-80F5-D18293FD9BDB}.Release|Any CPU.ActiveCfg = Release|Any CPU
		{8908416C-2842-4226-80F5-D18293FD9BDB}.Release|Any CPU.Build.0 = Release|Any CPU
		{FE6D99D7-0D0D-4050-B163-51220B5A7C89}.Debug|Any CPU.ActiveCfg = Debug|Any CPU
		{FE6D99D7-0D0D-4050-B163-51220B5A7C89}.Debug|Any CPU.Build.0 = Debug|Any CPU
		{FE6D99D7-0D0D-4050-B163-51220B5A7C89}.Release|Any CPU.ActiveCfg = Release|Any CPU
		{FE6D99D7-0D0D-4050-B163-51220B5A7C89}.Release|Any CPU.Build.0 = Release|Any CPU
		{9D848FFD-C431-457E-B28C-3AACFD105065}.Debug|Any CPU.ActiveCfg = Debug|Any CPU
		{9D848FFD-C431-457E-B28C-3AACFD105065}.Debug|Any CPU.Build.0 = Debug|Any CPU
		{9D848FFD-C431-457E-B28C-3AACFD105065}.Release|Any CPU.ActiveCfg = Release|Any CPU
		{9D848FFD-C431-457E-B28C-3AACFD105065}.Release|Any CPU.Build.0 = Release|Any CPU
		{602C3222-EB11-4EFB-9963-6EC633E78149}.Debug|Any CPU.ActiveCfg = Debug|Any CPU
		{602C3222-EB11-4EFB-9963-6EC633E78149}.Debug|Any CPU.Build.0 = Debug|Any CPU
		{602C3222-EB11-4EFB-9963-6EC633E78149}.Release|Any CPU.ActiveCfg = Release|Any CPU
		{602C3222-EB11-4EFB-9963-6EC633E78149}.Release|Any CPU.Build.0 = Release|Any CPU
		{99DF8A2A-136C-468F-B283-5E70538AC2AF}.Debug|Any CPU.ActiveCfg = Debug|Any CPU
		{99DF8A2A-136C-468F-B283-5E70538AC2AF}.Debug|Any CPU.Build.0 = Debug|Any CPU
		{99DF8A2A-136C-468F-B283-5E70538AC2AF}.Release|Any CPU.ActiveCfg = Release|Any CPU
		{99DF8A2A-136C-468F-B283-5E70538AC2AF}.Release|Any CPU.Build.0 = Release|Any CPU
		{5FDBCD1D-F08E-46FB-8613-B1FE4E2DECD6}.Debug|Any CPU.ActiveCfg = Debug|Any CPU
		{5FDBCD1D-F08E-46FB-8613-B1FE4E2DECD6}.Debug|Any CPU.Build.0 = Debug|Any CPU
		{5FDBCD1D-F08E-46FB-8613-B1FE4E2DECD6}.Release|Any CPU.ActiveCfg = Release|Any CPU
		{5FDBCD1D-F08E-46FB-8613-B1FE4E2DECD6}.Release|Any CPU.Build.0 = Release|Any CPU
		{311FF559-31AE-47E3-BC80-E2E76FE13AE4}.Debug|Any CPU.ActiveCfg = Debug|Any CPU
		{311FF559-31AE-47E3-BC80-E2E76FE13AE4}.Debug|Any CPU.Build.0 = Debug|Any CPU
		{311FF559-31AE-47E3-BC80-E2E76FE13AE4}.Release|Any CPU.ActiveCfg = Release|Any CPU
		{311FF559-31AE-47E3-BC80-E2E76FE13AE4}.Release|Any CPU.Build.0 = Release|Any CPU
	EndGlobalSection
	GlobalSection(SolutionProperties) = preSolution
		HideSolutionNode = FALSE
	EndGlobalSection
	GlobalSection(NestedProjects) = preSolution
		{3EF2956E-F9AB-4C0F-BCDD-354872544C24} = {D705AB03-D8DA-4872-B80A-0470671FFCD2}
		{8908416C-2842-4226-80F5-D18293FD9BDB} = {27D28690-9C21-4756-AC4C-B8DBD29932FB}
		{FE6D99D7-0D0D-4050-B163-51220B5A7C89} = {DCEB6116-8DD8-4F57-AAE0-FA9DD979629B}
		{9D848FFD-C431-457E-B28C-3AACFD105065} = {27D28690-9C21-4756-AC4C-B8DBD29932FB}
		{602C3222-EB11-4EFB-9963-6EC633E78149} = {A726A46E-421D-44C3-8107-7A50F5D0B0A6}
		{99DF8A2A-136C-468F-B283-5E70538AC2AF} = {DCEB6116-8DD8-4F57-AAE0-FA9DD979629B}
		{5FDBCD1D-F08E-46FB-8613-B1FE4E2DECD6} = {A726A46E-421D-44C3-8107-7A50F5D0B0A6}
		{311FF559-31AE-47E3-BC80-E2E76FE13AE4} = {FCC4C042-70BE-4703-9591-B9AB89BDF96C}
	EndGlobalSection
	GlobalSection(ExtensibilityGlobals) = postSolution
		SolutionGuid = {BF7BAA69-33F1-4FC2-8D1E-330EF9DD58EC}
	EndGlobalSection
EndGlobal
